// !$*UTF8*$!
{
	archiveVersion = 1;
	classes = {
	};
	objectVersion = 56;
	objects = {

/* Begin PBXBuildFile section */
		9502E5972A423296007A32DA /* Assembly.swift in Sources */ = {isa = PBXBuildFile; fileRef = 9502E5962A423296007A32DA /* Assembly.swift */; };
		950641DD2A39C4B700938403 /* AssemblyAddressCellView.xib in Resources */ = {isa = PBXBuildFile; fileRef = 950641DC2A39C4B700938403 /* AssemblyAddressCellView.xib */; };
		950641DF2A39C4E700938403 /* AssemblyAddressCellView.swift in Sources */ = {isa = PBXBuildFile; fileRef = 950641DE2A39C4E700938403 /* AssemblyAddressCellView.swift */; };
		950641E32A39CDAB00938403 /* BreakpointToggle.swift in Sources */ = {isa = PBXBuildFile; fileRef = 950641E22A39CDAB00938403 /* BreakpointToggle.swift */; };
		9517A47B2A486020002D1F20 /* UserDefaults+Preferences.swift in Sources */ = {isa = PBXBuildFile; fileRef = 9517A47A2A486020002D1F20 /* UserDefaults+Preferences.swift */; };
		951CC4FE2A58723300537CD1 /* FormView.swift in Sources */ = {isa = PBXBuildFile; fileRef = 951CC4FD2A58723300537CD1 /* FormView.swift */; };
		953D92AA2A1AEB7400EC52AC /* Atari2600Kit.h in Headers */ = {isa = PBXBuildFile; fileRef = 953D92A92A1AEB7400EC52AC /* Atari2600Kit.h */; settings = {ATTRIBUTES = (Public, ); }; };
		953D92AF2A1AEB8300EC52AC /* Console.swift in Sources */ = {isa = PBXBuildFile; fileRef = 953D92AE2A1AEB8300EC52AC /* Console.swift */; };
		953D92B12A1AEB9E00EC52AC /* CPU.swift in Sources */ = {isa = PBXBuildFile; fileRef = 953D92B02A1AEB9E00EC52AC /* CPU.swift */; };
		95468AB12A5B09E90094A2D0 /* DebuggerValueLabel.swift in Sources */ = {isa = PBXBuildFile; fileRef = 95468AB02A5B09E90094A2D0 /* DebuggerValueLabel.swift */; };
		954A18672A1AEE5800EBC582 /* AppDelegate.swift in Sources */ = {isa = PBXBuildFile; fileRef = 954A18662A1AEE5800EBC582 /* AppDelegate.swift */; };
		954A18692A1AEE5A00EBC582 /* Assets.xcassets in Resources */ = {isa = PBXBuildFile; fileRef = 954A18682A1AEE5A00EBC582 /* Assets.xcassets */; };
		954A186C2A1AEE5A00EBC582 /* Main.xib in Resources */ = {isa = PBXBuildFile; fileRef = 954A186A2A1AEE5A00EBC582 /* Main.xib */; };
		955619FD2A3C8E64002CF4F5 /* NSFont+Constants.swift in Sources */ = {isa = PBXBuildFile; fileRef = 955619FC2A3C8E64002CF4F5 /* NSFont+Constants.swift */; };
		955619FF2A3C8FDD002CF4F5 /* AssemblyDataCellView.swift in Sources */ = {isa = PBXBuildFile; fileRef = 955619FE2A3C8FDD002CF4F5 /* AssemblyDataCellView.swift */; };
		95561A012A3C9048002CF4F5 /* AssemblyDataCellView.xib in Resources */ = {isa = PBXBuildFile; fileRef = 95561A002A3C9048002CF4F5 /* AssemblyDataCellView.xib */; };
		9579CF7B2A3718D200D3EC01 /* MemoryViewController.swift in Sources */ = {isa = PBXBuildFile; fileRef = 9579CF7A2A3718D200D3EC01 /* MemoryViewController.swift */; };
		957A12892A3F4517002163C1 /* NSView+ContentView.swift in Sources */ = {isa = PBXBuildFile; fileRef = 957A12882A3F4517002163C1 /* NSView+ContentView.swift */; };
		958691B22A4FF61D00C727C0 /* MOS6532.swift in Sources */ = {isa = PBXBuildFile; fileRef = 958691B12A4FF61D00C727C0 /* MOS6532.swift */; };
		9595FE922A4E02FE00F6F857 /* TIA.swift in Sources */ = {isa = PBXBuildFile; fileRef = 9595FE912A4E02FE00F6F857 /* TIA.swift */; };
		9597B00E2A46CBB80088822B /* Atari2600Kit.framework in Frameworks */ = {isa = PBXBuildFile; fileRef = 953D92A72A1AEB7400EC52AC /* Atari2600Kit.framework */; };
		9597B0152A46CBC50088822B /* CPUTests.swift in Sources */ = {isa = PBXBuildFile; fileRef = 9597B0142A46CBC50088822B /* CPUTests.swift */; };
		959E142B2A574F9C006FCFF3 /* TimerViewController.swift in Sources */ = {isa = PBXBuildFile; fileRef = 959E142A2A574F9C006FCFF3 /* TimerViewController.swift */; };
		95A0AA5B2A6990BD003AC9D4 /* MemoryView.xib in Resources */ = {isa = PBXBuildFile; fileRef = 95A0AA5A2A6990BD003AC9D4 /* MemoryView.xib */; };
		95A0AA5D2A699CFE003AC9D4 /* TimerView.xib in Resources */ = {isa = PBXBuildFile; fileRef = 95A0AA5C2A699CFE003AC9D4 /* TimerView.xib */; };
		95A501812A2CFCA400A59616 /* AssemblyView.xib in Resources */ = {isa = PBXBuildFile; fileRef = 95A501802A2CFCA400A59616 /* AssemblyView.xib */; };
		95AAAC872A221D5500B8C9FD /* DebuggerWindowController.swift in Sources */ = {isa = PBXBuildFile; fileRef = 95AAAC862A221D5500B8C9FD /* DebuggerWindowController.swift */; };
		95AAAC892A221D5F00B8C9FD /* DebuggerWindow.xib in Resources */ = {isa = PBXBuildFile; fileRef = 95AAAC882A221D5F00B8C9FD /* DebuggerWindow.xib */; };
		95B352102A549D0C0078A26D /* MOS6532Tests.swift in Sources */ = {isa = PBXBuildFile; fileRef = 95B3520F2A549D0C0078A26D /* MOS6532Tests.swift */; };
		95B429D92A4EFDB100EB6A5D /* ScreenWindowController.swift in Sources */ = {isa = PBXBuildFile; fileRef = 95B429D82A4EFDB100EB6A5D /* ScreenWindowController.swift */; };
		95B429DB2A4EFE1A00EB6A5D /* ScreenWindow.xib in Resources */ = {isa = PBXBuildFile; fileRef = 95B429DA2A4EFE1A00EB6A5D /* ScreenWindow.xib */; };
		95BC25572A2DBECD000E9568 /* AssemblyViewController.swift in Sources */ = {isa = PBXBuildFile; fileRef = 95BC25562A2DBECD000E9568 /* AssemblyViewController.swift */; };
		95CE639E2A333383007BD72B /* CPUViewController.swift in Sources */ = {isa = PBXBuildFile; fileRef = 95CE639D2A333383007BD72B /* CPUViewController.swift */; };
		95CE63A02A3333BC007BD72B /* CPUView.xib in Resources */ = {isa = PBXBuildFile; fileRef = 95CE639F2A3333BC007BD72B /* CPUView.xib */; };
		95DA0DF72A64481200B28D0B /* ScreenView.swift in Sources */ = {isa = PBXBuildFile; fileRef = 95DA0DF62A64481200B28D0B /* ScreenView.swift */; };
/* End PBXBuildFile section */

/* Begin PBXContainerItemProxy section */
		9597B00F2A46CBB80088822B /* PBXContainerItemProxy */ = {
			isa = PBXContainerItemProxy;
			containerPortal = 951E2F7B2A18B11900E6902F /* Project object */;
			proxyType = 1;
			remoteGlobalIDString = 953D92A62A1AEB7400EC52AC;
			remoteInfo = Atari2600Kit;
		};
		95F564452A42E9D60028A90B /* PBXContainerItemProxy */ = {
			isa = PBXContainerItemProxy;
			containerPortal = 951E2F7B2A18B11900E6902F /* Project object */;
			proxyType = 1;
			remoteGlobalIDString = 953D92A62A1AEB7400EC52AC;
			remoteInfo = Atari2600Kit;
		};
/* End PBXContainerItemProxy section */

/* Begin PBXFileReference section */
		9502E5962A423296007A32DA /* Assembly.swift */ = {isa = PBXFileReference; lastKnownFileType = sourcecode.swift; path = Assembly.swift; sourceTree = "<group>"; };
		950641DC2A39C4B700938403 /* AssemblyAddressCellView.xib */ = {isa = PBXFileReference; lastKnownFileType = file.xib; path = AssemblyAddressCellView.xib; sourceTree = "<group>"; };
		950641DE2A39C4E700938403 /* AssemblyAddressCellView.swift */ = {isa = PBXFileReference; lastKnownFileType = sourcecode.swift; path = AssemblyAddressCellView.swift; sourceTree = "<group>"; };
		950641E22A39CDAB00938403 /* BreakpointToggle.swift */ = {isa = PBXFileReference; lastKnownFileType = sourcecode.swift; path = BreakpointToggle.swift; sourceTree = "<group>"; };
		9517A47A2A486020002D1F20 /* UserDefaults+Preferences.swift */ = {isa = PBXFileReference; lastKnownFileType = sourcecode.swift; path = "UserDefaults+Preferences.swift"; sourceTree = "<group>"; };
		951CC4FD2A58723300537CD1 /* FormView.swift */ = {isa = PBXFileReference; lastKnownFileType = sourcecode.swift; path = FormView.swift; sourceTree = "<group>"; };
		953D92A72A1AEB7400EC52AC /* Atari2600Kit.framework */ = {isa = PBXFileReference; explicitFileType = wrapper.framework; includeInIndex = 0; path = Atari2600Kit.framework; sourceTree = BUILT_PRODUCTS_DIR; };
		953D92A92A1AEB7400EC52AC /* Atari2600Kit.h */ = {isa = PBXFileReference; lastKnownFileType = sourcecode.c.h; path = Atari2600Kit.h; sourceTree = "<group>"; };
		953D92AE2A1AEB8300EC52AC /* Console.swift */ = {isa = PBXFileReference; lastKnownFileType = sourcecode.swift; path = Console.swift; sourceTree = "<group>"; };
		953D92B02A1AEB9E00EC52AC /* CPU.swift */ = {isa = PBXFileReference; lastKnownFileType = sourcecode.swift; path = CPU.swift; sourceTree = "<group>"; };
		95468AB02A5B09E90094A2D0 /* DebuggerValueLabel.swift */ = {isa = PBXFileReference; lastKnownFileType = sourcecode.swift; path = DebuggerValueLabel.swift; sourceTree = "<group>"; };
		954A18642A1AEE5800EBC582 /* Atari2600.app */ = {isa = PBXFileReference; explicitFileType = wrapper.application; includeInIndex = 0; path = Atari2600.app; sourceTree = BUILT_PRODUCTS_DIR; };
		954A18662A1AEE5800EBC582 /* AppDelegate.swift */ = {isa = PBXFileReference; lastKnownFileType = sourcecode.swift; path = AppDelegate.swift; sourceTree = "<group>"; };
		954A18682A1AEE5A00EBC582 /* Assets.xcassets */ = {isa = PBXFileReference; lastKnownFileType = folder.assetcatalog; path = Assets.xcassets; sourceTree = "<group>"; };
		954A186B2A1AEE5A00EBC582 /* Base */ = {isa = PBXFileReference; lastKnownFileType = file.xib; name = Base; path = Base.lproj/Main.xib; sourceTree = "<group>"; };
		954A186D2A1AEE5A00EBC582 /* Atari2600.entitlements */ = {isa = PBXFileReference; lastKnownFileType = text.plist.entitlements; path = Atari2600.entitlements; sourceTree = "<group>"; };
		955619FC2A3C8E64002CF4F5 /* NSFont+Constants.swift */ = {isa = PBXFileReference; lastKnownFileType = sourcecode.swift; path = "NSFont+Constants.swift"; sourceTree = "<group>"; };
		955619FE2A3C8FDD002CF4F5 /* AssemblyDataCellView.swift */ = {isa = PBXFileReference; lastKnownFileType = sourcecode.swift; path = AssemblyDataCellView.swift; sourceTree = "<group>"; };
		95561A002A3C9048002CF4F5 /* AssemblyDataCellView.xib */ = {isa = PBXFileReference; lastKnownFileType = file.xib; path = AssemblyDataCellView.xib; sourceTree = "<group>"; };
		9579CF7A2A3718D200D3EC01 /* MemoryViewController.swift */ = {isa = PBXFileReference; lastKnownFileType = sourcecode.swift; path = MemoryViewController.swift; sourceTree = "<group>"; };
		957A12882A3F4517002163C1 /* NSView+ContentView.swift */ = {isa = PBXFileReference; lastKnownFileType = sourcecode.swift; path = "NSView+ContentView.swift"; sourceTree = "<group>"; };
		958691B12A4FF61D00C727C0 /* MOS6532.swift */ = {isa = PBXFileReference; lastKnownFileType = sourcecode.swift; path = MOS6532.swift; sourceTree = "<group>"; };
		9595FE912A4E02FE00F6F857 /* TIA.swift */ = {isa = PBXFileReference; lastKnownFileType = sourcecode.swift; path = TIA.swift; sourceTree = "<group>"; };
		9597B00A2A46CBB80088822B /* Atari2600KitTests.xctest */ = {isa = PBXFileReference; explicitFileType = wrapper.cfbundle; includeInIndex = 0; path = Atari2600KitTests.xctest; sourceTree = BUILT_PRODUCTS_DIR; };
		9597B0142A46CBC50088822B /* CPUTests.swift */ = {isa = PBXFileReference; lastKnownFileType = sourcecode.swift; path = CPUTests.swift; sourceTree = "<group>"; };
		959E142A2A574F9C006FCFF3 /* TimerViewController.swift */ = {isa = PBXFileReference; lastKnownFileType = sourcecode.swift; path = TimerViewController.swift; sourceTree = "<group>"; };
		95A0AA5A2A6990BD003AC9D4 /* MemoryView.xib */ = {isa = PBXFileReference; lastKnownFileType = file.xib; path = MemoryView.xib; sourceTree = "<group>"; };
		95A0AA5C2A699CFE003AC9D4 /* TimerView.xib */ = {isa = PBXFileReference; lastKnownFileType = file.xib; path = TimerView.xib; sourceTree = "<group>"; };
		95A501802A2CFCA400A59616 /* AssemblyView.xib */ = {isa = PBXFileReference; lastKnownFileType = file.xib; path = AssemblyView.xib; sourceTree = "<group>"; };
		95AAAC862A221D5500B8C9FD /* DebuggerWindowController.swift */ = {isa = PBXFileReference; lastKnownFileType = sourcecode.swift; path = DebuggerWindowController.swift; sourceTree = "<group>"; };
		95AAAC882A221D5F00B8C9FD /* DebuggerWindow.xib */ = {isa = PBXFileReference; lastKnownFileType = file.xib; path = DebuggerWindow.xib; sourceTree = "<group>"; };
		95B3520F2A549D0C0078A26D /* MOS6532Tests.swift */ = {isa = PBXFileReference; lastKnownFileType = sourcecode.swift; path = MOS6532Tests.swift; sourceTree = "<group>"; };
		95B429D82A4EFDB100EB6A5D /* ScreenWindowController.swift */ = {isa = PBXFileReference; lastKnownFileType = sourcecode.swift; path = ScreenWindowController.swift; sourceTree = "<group>"; };
		95B429DA2A4EFE1A00EB6A5D /* ScreenWindow.xib */ = {isa = PBXFileReference; lastKnownFileType = file.xib; path = ScreenWindow.xib; sourceTree = "<group>"; };
		95BC25562A2DBECD000E9568 /* AssemblyViewController.swift */ = {isa = PBXFileReference; lastKnownFileType = sourcecode.swift; path = AssemblyViewController.swift; sourceTree = "<group>"; };
		95CE639D2A333383007BD72B /* CPUViewController.swift */ = {isa = PBXFileReference; lastKnownFileType = sourcecode.swift; path = CPUViewController.swift; sourceTree = "<group>"; };
		95CE639F2A3333BC007BD72B /* CPUView.xib */ = {isa = PBXFileReference; lastKnownFileType = file.xib; path = CPUView.xib; sourceTree = "<group>"; };
		95DA0DF62A64481200B28D0B /* ScreenView.swift */ = {isa = PBXFileReference; lastKnownFileType = sourcecode.swift; path = ScreenView.swift; sourceTree = "<group>"; };
/* End PBXFileReference section */

/* Begin PBXFrameworksBuildPhase section */
		953D92A42A1AEB7400EC52AC /* Frameworks */ = {
			isa = PBXFrameworksBuildPhase;
			buildActionMask = 2147483647;
			files = (
			);
			runOnlyForDeploymentPostprocessing = 0;
		};
		954A18612A1AEE5800EBC582 /* Frameworks */ = {
			isa = PBXFrameworksBuildPhase;
			buildActionMask = 2147483647;
			files = (
			);
			runOnlyForDeploymentPostprocessing = 0;
		};
		9597B0072A46CBB80088822B /* Frameworks */ = {
			isa = PBXFrameworksBuildPhase;
			buildActionMask = 2147483647;
			files = (
				9597B00E2A46CBB80088822B /* Atari2600Kit.framework in Frameworks */,
			);
			runOnlyForDeploymentPostprocessing = 0;
		};
/* End PBXFrameworksBuildPhase section */

/* Begin PBXGroup section */
		951E2F7A2A18B11900E6902F = {
			isa = PBXGroup;
			children = (
				954A18652A1AEE5800EBC582 /* Atari2600 */,
				953D92A82A1AEB7400EC52AC /* Atari2600Kit */,
				9597B00B2A46CBB80088822B /* Atari2600KitTests */,
				95F563FD2A42E33E0028A90B /* Frameworks */,
				951E2F842A18B11900E6902F /* Products */,
			);
			sourceTree = "<group>";
		};
		951E2F842A18B11900E6902F /* Products */ = {
			isa = PBXGroup;
			children = (
				953D92A72A1AEB7400EC52AC /* Atari2600Kit.framework */,
				954A18642A1AEE5800EBC582 /* Atari2600.app */,
				9597B00A2A46CBB80088822B /* Atari2600KitTests.xctest */,
			);
			name = Products;
			sourceTree = "<group>";
		};
		953D92A82A1AEB7400EC52AC /* Atari2600Kit */ = {
			isa = PBXGroup;
			children = (
				953D92A92A1AEB7400EC52AC /* Atari2600Kit.h */,
				953D92AE2A1AEB8300EC52AC /* Console.swift */,
				953D92B02A1AEB9E00EC52AC /* CPU.swift */,
				9502E5962A423296007A32DA /* Assembly.swift */,
				9595FE912A4E02FE00F6F857 /* TIA.swift */,
				958691B12A4FF61D00C727C0 /* MOS6532.swift */,
			);
			path = Atari2600Kit;
			sourceTree = "<group>";
		};
		954A18652A1AEE5800EBC582 /* Atari2600 */ = {
			isa = PBXGroup;
			children = (
				95CE639C2A333365007BD72B /* Debugger */,
				954A18662A1AEE5800EBC582 /* AppDelegate.swift */,
				954A18682A1AEE5A00EBC582 /* Assets.xcassets */,
				954A186D2A1AEE5A00EBC582 /* Atari2600.entitlements */,
				954A186A2A1AEE5A00EBC582 /* Main.xib */,
				95B429DA2A4EFE1A00EB6A5D /* ScreenWindow.xib */,
				95B429D82A4EFDB100EB6A5D /* ScreenWindowController.swift */,
				95DA0DF62A64481200B28D0B /* ScreenView.swift */,
			);
			path = Atari2600;
			sourceTree = "<group>";
		};
		9597B00B2A46CBB80088822B /* Atari2600KitTests */ = {
			isa = PBXGroup;
			children = (
				9597B0142A46CBC50088822B /* CPUTests.swift */,
				95B3520F2A549D0C0078A26D /* MOS6532Tests.swift */,
			);
			path = Atari2600KitTests;
			sourceTree = "<group>";
		};
		95CE639C2A333365007BD72B /* Debugger */ = {
			isa = PBXGroup;
			children = (
				950641DE2A39C4E700938403 /* AssemblyAddressCellView.swift */,
				950641DC2A39C4B700938403 /* AssemblyAddressCellView.xib */,
				955619FE2A3C8FDD002CF4F5 /* AssemblyDataCellView.swift */,
				95561A002A3C9048002CF4F5 /* AssemblyDataCellView.xib */,
				95A501802A2CFCA400A59616 /* AssemblyView.xib */,
				95BC25562A2DBECD000E9568 /* AssemblyViewController.swift */,
				950641E22A39CDAB00938403 /* BreakpointToggle.swift */,
				95CE639F2A3333BC007BD72B /* CPUView.xib */,
				95CE639D2A333383007BD72B /* CPUViewController.swift */,
				95468AB02A5B09E90094A2D0 /* DebuggerValueLabel.swift */,
				95AAAC882A221D5F00B8C9FD /* DebuggerWindow.xib */,
				95AAAC862A221D5500B8C9FD /* DebuggerWindowController.swift */,
				951CC4FD2A58723300537CD1 /* FormView.swift */,
				95A0AA5A2A6990BD003AC9D4 /* MemoryView.xib */,
				9579CF7A2A3718D200D3EC01 /* MemoryViewController.swift */,
				955619FC2A3C8E64002CF4F5 /* NSFont+Constants.swift */,
				957A12882A3F4517002163C1 /* NSView+ContentView.swift */,
				95A0AA5C2A699CFE003AC9D4 /* TimerView.xib */,
				959E142A2A574F9C006FCFF3 /* TimerViewController.swift */,
				9517A47A2A486020002D1F20 /* UserDefaults+Preferences.swift */,
			);
			path = Debugger;
			sourceTree = "<group>";
		};
		95F563FD2A42E33E0028A90B /* Frameworks */ = {
			isa = PBXGroup;
			children = (
			);
			name = Frameworks;
			sourceTree = "<group>";
		};
/* End PBXGroup section */

/* Begin PBXHeadersBuildPhase section */
		953D92A22A1AEB7400EC52AC /* Headers */ = {
			isa = PBXHeadersBuildPhase;
			buildActionMask = 2147483647;
			files = (
				953D92AA2A1AEB7400EC52AC /* Atari2600Kit.h in Headers */,
			);
			runOnlyForDeploymentPostprocessing = 0;
		};
/* End PBXHeadersBuildPhase section */

/* Begin PBXNativeTarget section */
		953D92A62A1AEB7400EC52AC /* Atari2600Kit */ = {
			isa = PBXNativeTarget;
			buildConfigurationList = 953D92AB2A1AEB7400EC52AC /* Build configuration list for PBXNativeTarget "Atari2600Kit" */;
			buildPhases = (
				953D92A22A1AEB7400EC52AC /* Headers */,
				953D92A32A1AEB7400EC52AC /* Sources */,
				953D92A42A1AEB7400EC52AC /* Frameworks */,
				953D92A52A1AEB7400EC52AC /* Resources */,
			);
			buildRules = (
			);
			dependencies = (
			);
			name = Atari2600Kit;
			productName = Atari2600Kit;
			productReference = 953D92A72A1AEB7400EC52AC /* Atari2600Kit.framework */;
			productType = "com.apple.product-type.framework";
		};
		954A18632A1AEE5800EBC582 /* Atari2600 */ = {
			isa = PBXNativeTarget;
			buildConfigurationList = 954A186E2A1AEE5A00EBC582 /* Build configuration list for PBXNativeTarget "Atari2600" */;
			buildPhases = (
				954A18602A1AEE5800EBC582 /* Sources */,
				954A18612A1AEE5800EBC582 /* Frameworks */,
				954A18622A1AEE5800EBC582 /* Resources */,
			);
			buildRules = (
			);
			dependencies = (
				95F564462A42E9D60028A90B /* PBXTargetDependency */,
			);
			name = Atari2600;
			productName = Atari2600;
			productReference = 954A18642A1AEE5800EBC582 /* Atari2600.app */;
			productType = "com.apple.product-type.application";
		};
		9597B0092A46CBB80088822B /* Atari2600KitTests */ = {
			isa = PBXNativeTarget;
			buildConfigurationList = 9597B0132A46CBB80088822B /* Build configuration list for PBXNativeTarget "Atari2600KitTests" */;
			buildPhases = (
				9597B0062A46CBB80088822B /* Sources */,
				9597B0072A46CBB80088822B /* Frameworks */,
				9597B0082A46CBB80088822B /* Resources */,
			);
			buildRules = (
			);
			dependencies = (
				9597B0102A46CBB80088822B /* PBXTargetDependency */,
			);
			name = Atari2600KitTests;
			productName = Atari2600KitTests;
			productReference = 9597B00A2A46CBB80088822B /* Atari2600KitTests.xctest */;
			productType = "com.apple.product-type.bundle.unit-test";
		};
/* End PBXNativeTarget section */

/* Begin PBXProject section */
		951E2F7B2A18B11900E6902F /* Project object */ = {
			isa = PBXProject;
			attributes = {
				BuildIndependentTargetsInParallel = 1;
				LastSwiftUpdateCheck = 1430;
				LastUpgradeCheck = 1430;
				TargetAttributes = {
					953D92A62A1AEB7400EC52AC = {
						CreatedOnToolsVersion = 14.3;
						LastSwiftMigration = 1430;
					};
					954A18632A1AEE5800EBC582 = {
						CreatedOnToolsVersion = 14.3;
					};
					9597B0092A46CBB80088822B = {
						CreatedOnToolsVersion = 14.3.1;
					};
				};
			};
			buildConfigurationList = 951E2F7E2A18B11900E6902F /* Build configuration list for PBXProject "Atari2600" */;
			compatibilityVersion = "Xcode 14.0";
			developmentRegion = en;
			hasScannedForEncodings = 0;
			knownRegions = (
				en,
				Base,
			);
			mainGroup = 951E2F7A2A18B11900E6902F;
			productRefGroup = 951E2F842A18B11900E6902F /* Products */;
			projectDirPath = "";
			projectRoot = "";
			targets = (
				954A18632A1AEE5800EBC582 /* Atari2600 */,
				953D92A62A1AEB7400EC52AC /* Atari2600Kit */,
				9597B0092A46CBB80088822B /* Atari2600KitTests */,
			);
		};
/* End PBXProject section */

/* Begin PBXResourcesBuildPhase section */
		953D92A52A1AEB7400EC52AC /* Resources */ = {
			isa = PBXResourcesBuildPhase;
			buildActionMask = 2147483647;
			files = (
			);
			runOnlyForDeploymentPostprocessing = 0;
		};
		954A18622A1AEE5800EBC582 /* Resources */ = {
			isa = PBXResourcesBuildPhase;
			buildActionMask = 2147483647;
			files = (
				95A0AA5D2A699CFE003AC9D4 /* TimerView.xib in Resources */,
				95AAAC892A221D5F00B8C9FD /* DebuggerWindow.xib in Resources */,
				95CE63A02A3333BC007BD72B /* CPUView.xib in Resources */,
				954A18692A1AEE5A00EBC582 /* Assets.xcassets in Resources */,
				95561A012A3C9048002CF4F5 /* AssemblyDataCellView.xib in Resources */,
				95A501812A2CFCA400A59616 /* AssemblyView.xib in Resources */,
				95B429DB2A4EFE1A00EB6A5D /* ScreenWindow.xib in Resources */,
				95A0AA5B2A6990BD003AC9D4 /* MemoryView.xib in Resources */,
				950641DD2A39C4B700938403 /* AssemblyAddressCellView.xib in Resources */,
				954A186C2A1AEE5A00EBC582 /* Main.xib in Resources */,
			);
			runOnlyForDeploymentPostprocessing = 0;
		};
		9597B0082A46CBB80088822B /* Resources */ = {
			isa = PBXResourcesBuildPhase;
			buildActionMask = 2147483647;
			files = (
			);
			runOnlyForDeploymentPostprocessing = 0;
		};
/* End PBXResourcesBuildPhase section */

/* Begin PBXSourcesBuildPhase section */
		953D92A32A1AEB7400EC52AC /* Sources */ = {
			isa = PBXSourcesBuildPhase;
			buildActionMask = 2147483647;
			files = (
				9502E5972A423296007A32DA /* Assembly.swift in Sources */,
				953D92B12A1AEB9E00EC52AC /* CPU.swift in Sources */,
				9595FE922A4E02FE00F6F857 /* TIA.swift in Sources */,
				953D92AF2A1AEB8300EC52AC /* Console.swift in Sources */,
				958691B22A4FF61D00C727C0 /* MOS6532.swift in Sources */,
			);
			runOnlyForDeploymentPostprocessing = 0;
		};
		954A18602A1AEE5800EBC582 /* Sources */ = {
			isa = PBXSourcesBuildPhase;
			buildActionMask = 2147483647;
			files = (
				95AAAC872A221D5500B8C9FD /* DebuggerWindowController.swift in Sources */,
				955619FD2A3C8E64002CF4F5 /* NSFont+Constants.swift in Sources */,
				951CC4FE2A58723300537CD1 /* FormView.swift in Sources */,
				957A12892A3F4517002163C1 /* NSView+ContentView.swift in Sources */,
				950641E32A39CDAB00938403 /* BreakpointToggle.swift in Sources */,
				955619FF2A3C8FDD002CF4F5 /* AssemblyDataCellView.swift in Sources */,
				95DA0DF72A64481200B28D0B /* ScreenView.swift in Sources */,
				950641DF2A39C4E700938403 /* AssemblyAddressCellView.swift in Sources */,
				95468AB12A5B09E90094A2D0 /* DebuggerValueLabel.swift in Sources */,
				954A18672A1AEE5800EBC582 /* AppDelegate.swift in Sources */,
				9517A47B2A486020002D1F20 /* UserDefaults+Preferences.swift in Sources */,
				95B429D92A4EFDB100EB6A5D /* ScreenWindowController.swift in Sources */,
				95CE639E2A333383007BD72B /* CPUViewController.swift in Sources */,
				959E142B2A574F9C006FCFF3 /* TimerViewController.swift in Sources */,
				9579CF7B2A3718D200D3EC01 /* MemoryViewController.swift in Sources */,
				95BC25572A2DBECD000E9568 /* AssemblyViewController.swift in Sources */,
			);
			runOnlyForDeploymentPostprocessing = 0;
		};
		9597B0062A46CBB80088822B /* Sources */ = {
			isa = PBXSourcesBuildPhase;
			buildActionMask = 2147483647;
			files = (
				9597B0152A46CBC50088822B /* CPUTests.swift in Sources */,
				95B352102A549D0C0078A26D /* MOS6532Tests.swift in Sources */,
			);
			runOnlyForDeploymentPostprocessing = 0;
		};
/* End PBXSourcesBuildPhase section */

/* Begin PBXTargetDependency section */
		9597B0102A46CBB80088822B /* PBXTargetDependency */ = {
			isa = PBXTargetDependency;
			target = 953D92A62A1AEB7400EC52AC /* Atari2600Kit */;
			targetProxy = 9597B00F2A46CBB80088822B /* PBXContainerItemProxy */;
		};
		95F564462A42E9D60028A90B /* PBXTargetDependency */ = {
			isa = PBXTargetDependency;
			target = 953D92A62A1AEB7400EC52AC /* Atari2600Kit */;
			targetProxy = 95F564452A42E9D60028A90B /* PBXContainerItemProxy */;
		};
/* End PBXTargetDependency section */

/* Begin PBXVariantGroup section */
		954A186A2A1AEE5A00EBC582 /* Main.xib */ = {
			isa = PBXVariantGroup;
			children = (
				954A186B2A1AEE5A00EBC582 /* Base */,
			);
			name = Main.xib;
			sourceTree = "<group>";
		};
/* End PBXVariantGroup section */

/* Begin XCBuildConfiguration section */
		951E2F902A18B11A00E6902F /* Debug */ = {
			isa = XCBuildConfiguration;
			buildSettings = {
				ALWAYS_SEARCH_USER_PATHS = NO;
				CLANG_ANALYZER_NONNULL = YES;
				CLANG_ANALYZER_NUMBER_OBJECT_CONVERSION = YES_AGGRESSIVE;
				CLANG_CXX_LANGUAGE_STANDARD = "gnu++20";
				CLANG_ENABLE_MODULES = YES;
				CLANG_ENABLE_OBJC_ARC = YES;
				CLANG_ENABLE_OBJC_WEAK = YES;
				CLANG_WARN_BLOCK_CAPTURE_AUTORELEASING = YES;
				CLANG_WARN_BOOL_CONVERSION = YES;
				CLANG_WARN_COMMA = YES;
				CLANG_WARN_CONSTANT_CONVERSION = YES;
				CLANG_WARN_DEPRECATED_OBJC_IMPLEMENTATIONS = YES;
				CLANG_WARN_DIRECT_OBJC_ISA_USAGE = YES_ERROR;
				CLANG_WARN_DOCUMENTATION_COMMENTS = YES;
				CLANG_WARN_EMPTY_BODY = YES;
				CLANG_WARN_ENUM_CONVERSION = YES;
				CLANG_WARN_INFINITE_RECURSION = YES;
				CLANG_WARN_INT_CONVERSION = YES;
				CLANG_WARN_NON_LITERAL_NULL_CONVERSION = YES;
				CLANG_WARN_OBJC_IMPLICIT_RETAIN_SELF = YES;
				CLANG_WARN_OBJC_LITERAL_CONVERSION = YES;
				CLANG_WARN_OBJC_ROOT_CLASS = YES_ERROR;
				CLANG_WARN_QUOTED_INCLUDE_IN_FRAMEWORK_HEADER = YES;
				CLANG_WARN_RANGE_LOOP_ANALYSIS = YES;
				CLANG_WARN_STRICT_PROTOTYPES = YES;
				CLANG_WARN_SUSPICIOUS_MOVE = YES;
				CLANG_WARN_UNGUARDED_AVAILABILITY = YES_AGGRESSIVE;
				CLANG_WARN_UNREACHABLE_CODE = YES;
				CLANG_WARN__DUPLICATE_METHOD_MATCH = YES;
				COPY_PHASE_STRIP = NO;
				DEBUG_INFORMATION_FORMAT = dwarf;
				ENABLE_STRICT_OBJC_MSGSEND = YES;
				ENABLE_TESTABILITY = YES;
				GCC_C_LANGUAGE_STANDARD = gnu11;
				GCC_DYNAMIC_NO_PIC = NO;
				GCC_NO_COMMON_BLOCKS = YES;
				GCC_OPTIMIZATION_LEVEL = 0;
				GCC_PREPROCESSOR_DEFINITIONS = (
					"DEBUG=1",
					"$(inherited)",
				);
				GCC_WARN_64_TO_32_BIT_CONVERSION = YES;
				GCC_WARN_ABOUT_RETURN_TYPE = YES_ERROR;
				GCC_WARN_UNDECLARED_SELECTOR = YES;
				GCC_WARN_UNINITIALIZED_AUTOS = YES_AGGRESSIVE;
				GCC_WARN_UNUSED_FUNCTION = YES;
				GCC_WARN_UNUSED_VARIABLE = YES;
				MACOSX_DEPLOYMENT_TARGET = 13.3;
				MTL_ENABLE_DEBUG_INFO = INCLUDE_SOURCE;
				MTL_FAST_MATH = YES;
				ONLY_ACTIVE_ARCH = YES;
				SDKROOT = macosx;
				SWIFT_ACTIVE_COMPILATION_CONDITIONS = DEBUG;
				SWIFT_OPTIMIZATION_LEVEL = "-Onone";
			};
			name = Debug;
		};
		951E2F912A18B11A00E6902F /* Release */ = {
			isa = XCBuildConfiguration;
			buildSettings = {
				ALWAYS_SEARCH_USER_PATHS = NO;
				CLANG_ANALYZER_NONNULL = YES;
				CLANG_ANALYZER_NUMBER_OBJECT_CONVERSION = YES_AGGRESSIVE;
				CLANG_CXX_LANGUAGE_STANDARD = "gnu++20";
				CLANG_ENABLE_MODULES = YES;
				CLANG_ENABLE_OBJC_ARC = YES;
				CLANG_ENABLE_OBJC_WEAK = YES;
				CLANG_WARN_BLOCK_CAPTURE_AUTORELEASING = YES;
				CLANG_WARN_BOOL_CONVERSION = YES;
				CLANG_WARN_COMMA = YES;
				CLANG_WARN_CONSTANT_CONVERSION = YES;
				CLANG_WARN_DEPRECATED_OBJC_IMPLEMENTATIONS = YES;
				CLANG_WARN_DIRECT_OBJC_ISA_USAGE = YES_ERROR;
				CLANG_WARN_DOCUMENTATION_COMMENTS = YES;
				CLANG_WARN_EMPTY_BODY = YES;
				CLANG_WARN_ENUM_CONVERSION = YES;
				CLANG_WARN_INFINITE_RECURSION = YES;
				CLANG_WARN_INT_CONVERSION = YES;
				CLANG_WARN_NON_LITERAL_NULL_CONVERSION = YES;
				CLANG_WARN_OBJC_IMPLICIT_RETAIN_SELF = YES;
				CLANG_WARN_OBJC_LITERAL_CONVERSION = YES;
				CLANG_WARN_OBJC_ROOT_CLASS = YES_ERROR;
				CLANG_WARN_QUOTED_INCLUDE_IN_FRAMEWORK_HEADER = YES;
				CLANG_WARN_RANGE_LOOP_ANALYSIS = YES;
				CLANG_WARN_STRICT_PROTOTYPES = YES;
				CLANG_WARN_SUSPICIOUS_MOVE = YES;
				CLANG_WARN_UNGUARDED_AVAILABILITY = YES_AGGRESSIVE;
				CLANG_WARN_UNREACHABLE_CODE = YES;
				CLANG_WARN__DUPLICATE_METHOD_MATCH = YES;
				COPY_PHASE_STRIP = NO;
				DEBUG_INFORMATION_FORMAT = "dwarf-with-dsym";
				ENABLE_NS_ASSERTIONS = NO;
				ENABLE_STRICT_OBJC_MSGSEND = YES;
				GCC_C_LANGUAGE_STANDARD = gnu11;
				GCC_NO_COMMON_BLOCKS = YES;
				GCC_WARN_64_TO_32_BIT_CONVERSION = YES;
				GCC_WARN_ABOUT_RETURN_TYPE = YES_ERROR;
				GCC_WARN_UNDECLARED_SELECTOR = YES;
				GCC_WARN_UNINITIALIZED_AUTOS = YES_AGGRESSIVE;
				GCC_WARN_UNUSED_FUNCTION = YES;
				GCC_WARN_UNUSED_VARIABLE = YES;
				MACOSX_DEPLOYMENT_TARGET = 13.3;
				MTL_ENABLE_DEBUG_INFO = NO;
				MTL_FAST_MATH = YES;
				SDKROOT = macosx;
				SWIFT_COMPILATION_MODE = wholemodule;
				SWIFT_OPTIMIZATION_LEVEL = "-O";
			};
			name = Release;
		};
		953D92AC2A1AEB7400EC52AC /* Debug */ = {
			isa = XCBuildConfiguration;
			buildSettings = {
				CLANG_ENABLE_MODULES = YES;
				CODE_SIGN_STYLE = Automatic;
				COMBINE_HIDPI_IMAGES = YES;
				CURRENT_PROJECT_VERSION = 1;
				DEFINES_MODULE = YES;
				DYLIB_COMPATIBILITY_VERSION = 1;
				DYLIB_CURRENT_VERSION = 1;
				DYLIB_INSTALL_NAME_BASE = "@rpath";
				ENABLE_MODULE_VERIFIER = YES;
				GENERATE_INFOPLIST_FILE = YES;
				INFOPLIST_KEY_NSHumanReadableCopyright = "";
				INSTALL_PATH = "$(LOCAL_LIBRARY_DIR)/Frameworks";
				LD_RUNPATH_SEARCH_PATHS = (
					"$(inherited)",
					"@executable_path/../Frameworks",
					"@loader_path/Frameworks",
				);
				MARKETING_VERSION = 1.0;
				MODULE_VERIFIER_SUPPORTED_LANGUAGES = "objective-c objective-c++";
				MODULE_VERIFIER_SUPPORTED_LANGUAGE_STANDARDS = "gnu11 gnu++20";
				PRODUCT_BUNDLE_IDENTIFIER = co.tsyba.Atari2600Kit;
				PRODUCT_NAME = "$(TARGET_NAME:c99extidentifier)";
				SKIP_INSTALL = YES;
				SWIFT_EMIT_LOC_STRINGS = YES;
				SWIFT_OPTIMIZATION_LEVEL = "-Onone";
				SWIFT_VERSION = 5.0;
				VERSIONING_SYSTEM = "apple-generic";
				VERSION_INFO_PREFIX = "";
			};
			name = Debug;
		};
		953D92AD2A1AEB7400EC52AC /* Release */ = {
			isa = XCBuildConfiguration;
			buildSettings = {
				CLANG_ENABLE_MODULES = YES;
				CODE_SIGN_STYLE = Automatic;
				COMBINE_HIDPI_IMAGES = YES;
				CURRENT_PROJECT_VERSION = 1;
				DEFINES_MODULE = YES;
				DYLIB_COMPATIBILITY_VERSION = 1;
				DYLIB_CURRENT_VERSION = 1;
				DYLIB_INSTALL_NAME_BASE = "@rpath";
				ENABLE_MODULE_VERIFIER = YES;
				GENERATE_INFOPLIST_FILE = YES;
				INFOPLIST_KEY_NSHumanReadableCopyright = "";
				INSTALL_PATH = "$(LOCAL_LIBRARY_DIR)/Frameworks";
				LD_RUNPATH_SEARCH_PATHS = (
					"$(inherited)",
					"@executable_path/../Frameworks",
					"@loader_path/Frameworks",
				);
				MARKETING_VERSION = 1.0;
				MODULE_VERIFIER_SUPPORTED_LANGUAGES = "objective-c objective-c++";
				MODULE_VERIFIER_SUPPORTED_LANGUAGE_STANDARDS = "gnu11 gnu++20";
				PRODUCT_BUNDLE_IDENTIFIER = co.tsyba.Atari2600Kit;
				PRODUCT_NAME = "$(TARGET_NAME:c99extidentifier)";
				SKIP_INSTALL = YES;
				SWIFT_EMIT_LOC_STRINGS = YES;
				SWIFT_VERSION = 5.0;
				VERSIONING_SYSTEM = "apple-generic";
				VERSION_INFO_PREFIX = "";
			};
			name = Release;
		};
		954A186F2A1AEE5A00EBC582 /* Debug */ = {
			isa = XCBuildConfiguration;
			buildSettings = {
				ASSETCATALOG_COMPILER_APPICON_NAME = AppIcon;
				ASSETCATALOG_COMPILER_GLOBAL_ACCENT_COLOR_NAME = AccentColor;
				CODE_SIGN_ENTITLEMENTS = Atari2600/Atari2600.entitlements;
				"CODE_SIGN_IDENTITY[sdk=macosx*]" = "-";
				CODE_SIGN_STYLE = Automatic;
				COMBINE_HIDPI_IMAGES = YES;
				CURRENT_PROJECT_VERSION = 1;
				GENERATE_INFOPLIST_FILE = YES;
				INFOPLIST_KEY_NSHumanReadableCopyright = "";
				INFOPLIST_KEY_NSMainNibFile = Main;
				INFOPLIST_KEY_NSPrincipalClass = NSApplication;
				INFOPLIST_KEY_UILaunchStoryboardName = "";
				LD_RUNPATH_SEARCH_PATHS = (
					"$(inherited)",
					"@executable_path/../Frameworks",
				);
				MARKETING_VERSION = 1.0;
				PRODUCT_BUNDLE_IDENTIFIER = co.tsyba.Atari2600;
				PRODUCT_NAME = "$(TARGET_NAME)";
				SWIFT_EMIT_LOC_STRINGS = YES;
				SWIFT_VERSION = 5.0;
			};
			name = Debug;
		};
		954A18702A1AEE5A00EBC582 /* Release */ = {
			isa = XCBuildConfiguration;
			buildSettings = {
				ASSETCATALOG_COMPILER_APPICON_NAME = AppIcon;
				ASSETCATALOG_COMPILER_GLOBAL_ACCENT_COLOR_NAME = AccentColor;
				CODE_SIGN_ENTITLEMENTS = Atari2600/Atari2600.entitlements;
				"CODE_SIGN_IDENTITY[sdk=macosx*]" = "-";
				CODE_SIGN_STYLE = Automatic;
				COMBINE_HIDPI_IMAGES = YES;
				CURRENT_PROJECT_VERSION = 1;
				GENERATE_INFOPLIST_FILE = YES;
				INFOPLIST_KEY_NSHumanReadableCopyright = "";
				INFOPLIST_KEY_NSMainNibFile = Main;
				INFOPLIST_KEY_NSPrincipalClass = NSApplication;
				INFOPLIST_KEY_UILaunchStoryboardName = "";
				LD_RUNPATH_SEARCH_PATHS = (
					"$(inherited)",
					"@executable_path/../Frameworks",
				);
				MARKETING_VERSION = 1.0;
				PRODUCT_BUNDLE_IDENTIFIER = co.tsyba.Atari2600;
				PRODUCT_NAME = "$(TARGET_NAME)";
				SWIFT_EMIT_LOC_STRINGS = YES;
				SWIFT_VERSION = 5.0;
			};
			name = Release;
		};
		9597B0112A46CBB80088822B /* Debug */ = {
			isa = XCBuildConfiguration;
			buildSettings = {
				CODE_SIGN_STYLE = Automatic;
				CURRENT_PROJECT_VERSION = 1;
				GENERATE_INFOPLIST_FILE = YES;
				MARKETING_VERSION = 1.0;
				PRODUCT_BUNDLE_IDENTIFIER = co.tsyba.Atari2600KitTests;
				PRODUCT_NAME = "$(TARGET_NAME)";
				SWIFT_EMIT_LOC_STRINGS = NO;
				SWIFT_VERSION = 5.0;
			};
			name = Debug;
		};
		9597B0122A46CBB80088822B /* Release */ = {
			isa = XCBuildConfiguration;
			buildSettings = {
				CODE_SIGN_STYLE = Automatic;
				CURRENT_PROJECT_VERSION = 1;
				GENERATE_INFOPLIST_FILE = YES;
				MARKETING_VERSION = 1.0;
				PRODUCT_BUNDLE_IDENTIFIER = co.tsyba.Atari2600KitTests;
				PRODUCT_NAME = "$(TARGET_NAME)";
				SWIFT_EMIT_LOC_STRINGS = NO;
				SWIFT_VERSION = 5.0;
			};
			name = Release;
		};
/* End XCBuildConfiguration section */

/* Begin XCConfigurationList section */
		951E2F7E2A18B11900E6902F /* Build configuration list for PBXProject "Atari2600" */ = {
			isa = XCConfigurationList;
			buildConfigurations = (
				951E2F902A18B11A00E6902F /* Debug */,
				951E2F912A18B11A00E6902F /* Release */,
			);
			defaultConfigurationIsVisible = 0;
			defaultConfigurationName = Release;
		};
		953D92AB2A1AEB7400EC52AC /* Build configuration list for PBXNativeTarget "Atari2600Kit" */ = {
			isa = XCConfigurationList;
			buildConfigurations = (
				953D92AC2A1AEB7400EC52AC /* Debug */,
				953D92AD2A1AEB7400EC52AC /* Release */,
			);
			defaultConfigurationIsVisible = 0;
			defaultConfigurationName = Release;
		};
		954A186E2A1AEE5A00EBC582 /* Build configuration list for PBXNativeTarget "Atari2600" */ = {
			isa = XCConfigurationList;
			buildConfigurations = (
				954A186F2A1AEE5A00EBC582 /* Debug */,
				954A18702A1AEE5A00EBC582 /* Release */,
			);
			defaultConfigurationIsVisible = 0;
			defaultConfigurationName = Release;
		};
		9597B0132A46CBB80088822B /* Build configuration list for PBXNativeTarget "Atari2600KitTests" */ = {
			isa = XCConfigurationList;
			buildConfigurations = (
				9597B0112A46CBB80088822B /* Debug */,
				9597B0122A46CBB80088822B /* Release */,
			);
			defaultConfigurationIsVisible = 0;
			defaultConfigurationName = Release;
		};
/* End XCConfigurationList section */
	};
	rootObject = 951E2F7B2A18B11900E6902F /* Project object */;
}
